// !$*UTF8*$!
{
	archiveVersion = 1;
	classes = {
	};
	objectVersion = 46;
	objects = {

/* Begin PBXBuildFile section */
		84F6D7661CF5690300A53CD1 /* main.m in Sources */ = {isa = PBXBuildFile; fileRef = 84F6D7651CF5690300A53CD1 /* main.m */; };
		84F6D7691CF5690300A53CD1 /* AppDelegate.m in Sources */ = {isa = PBXBuildFile; fileRef = 84F6D7681CF5690300A53CD1 /* AppDelegate.m */; };
		84F6D76C1CF5690300A53CD1 /* ViewController.m in Sources */ = {isa = PBXBuildFile; fileRef = 84F6D76B1CF5690300A53CD1 /* ViewController.m */; };
		84F6D76F1CF5690300A53CD1 /* Main.storyboard in Resources */ = {isa = PBXBuildFile; fileRef = 84F6D76D1CF5690300A53CD1 /* Main.storyboard */; };
		84F6D7711CF5690300A53CD1 /* Assets.xcassets in Resources */ = {isa = PBXBuildFile; fileRef = 84F6D7701CF5690300A53CD1 /* Assets.xcassets */; };
		84F6D7741CF5690300A53CD1 /* LaunchScreen.storyboard in Resources */ = {isa = PBXBuildFile; fileRef = 84F6D7721CF5690300A53CD1 /* LaunchScreen.storyboard */; };
		84F6D77F1CF5690300A53CD1 /* activityTests.m in Sources */ = {isa = PBXBuildFile; fileRef = 84F6D77E1CF5690300A53CD1 /* activityTests.m */; };
		84F6D78A1CF5690300A53CD1 /* activityUITests.m in Sources */ = {isa = PBXBuildFile; fileRef = 84F6D7891CF5690300A53CD1 /* activityUITests.m */; };
/* End PBXBuildFile section */

/* Begin PBXContainerItemProxy section */
		84F6D77B1CF5690300A53CD1 /* PBXContainerItemProxy */ = {
			isa = PBXContainerItemProxy;
			containerPortal = 84F6D7591CF5690300A53CD1 /* Project object */;
			proxyType = 1;
			remoteGlobalIDString = 84F6D7601CF5690300A53CD1;
			remoteInfo = activity;
		};
		84F6D7861CF5690300A53CD1 /* PBXContainerItemProxy */ = {
			isa = PBXContainerItemProxy;
			containerPortal = 84F6D7591CF5690300A53CD1 /* Project object */;
			proxyType = 1;
			remoteGlobalIDString = 84F6D7601CF5690300A53CD1;
			remoteInfo = activity;
		};
/* End PBXContainerItemProxy section */

/* Begin PBXFileReference section */
		84F6D7611CF5690300A53CD1 /* activity.app */ = {isa = PBXFileReference; explicitFileType = wrapper.application; includeInIndex = 0; path = activity.app; sourceTree = BUILT_PRODUCTS_DIR; };
		84F6D7651CF5690300A53CD1 /* main.m */ = {isa = PBXFileReference; lastKnownFileType = sourcecode.c.objc; path = main.m; sourceTree = "<group>"; };
		84F6D7671CF5690300A53CD1 /* AppDelegate.h */ = {isa = PBXFileReference; lastKnownFileType = sourcecode.c.h; path = AppDelegate.h; sourceTree = "<group>"; };
		84F6D7681CF5690300A53CD1 /* AppDelegate.m */ = {isa = PBXFileReference; lastKnownFileType = sourcecode.c.objc; path = AppDelegate.m; sourceTree = "<group>"; };
		84F6D76A1CF5690300A53CD1 /* ViewController.h */ = {isa = PBXFileReference; lastKnownFileType = sourcecode.c.h; path = ViewController.h; sourceTree = "<group>"; };
		84F6D76B1CF5690300A53CD1 /* ViewController.m */ = {isa = PBXFileReference; lastKnownFileType = sourcecode.c.objc; path = ViewController.m; sourceTree = "<group>"; };
		84F6D76E1CF5690300A53CD1 /* Base */ = {isa = PBXFileReference; lastKnownFileType = file.storyboard; name = Base; path = Base.lproj/Main.storyboard; sourceTree = "<group>"; };
		84F6D7701CF5690300A53CD1 /* Assets.xcassets */ = {isa = PBXFileReference; lastKnownFileType = folder.assetcatalog; path = Assets.xcassets; sourceTree = "<group>"; };
		84F6D7731CF5690300A53CD1 /* Base */ = {isa = PBXFileReference; lastKnownFileType = file.storyboard; name = Base; path = Base.lproj/LaunchScreen.storyboard; sourceTree = "<group>"; };
		84F6D7751CF5690300A53CD1 /* Info.plist */ = {isa = PBXFileReference; lastKnownFileType = text.plist.xml; path = Info.plist; sourceTree = "<group>"; };
		84F6D77A1CF5690300A53CD1 /* activityTests.xctest */ = {isa = PBXFileReference; explicitFileType = wrapper.cfbundle; includeInIndex = 0; path = activityTests.xctest; sourceTree = BUILT_PRODUCTS_DIR; };
		84F6D77E1CF5690300A53CD1 /* activityTests.m */ = {isa = PBXFileReference; lastKnownFileType = sourcecode.c.objc; path = activityTests.m; sourceTree = "<group>"; };
		84F6D7801CF5690300A53CD1 /* Info.plist */ = {isa = PBXFileReference; lastKnownFileType = text.plist.xml; path = Info.plist; sourceTree = "<group>"; };
		84F6D7851CF5690300A53CD1 /* activityUITests.xctest */ = {isa = PBXFileReference; explicitFileType = wrapper.cfbundle; includeInIndex = 0; path = activityUITests.xctest; sourceTree = BUILT_PRODUCTS_DIR; };
		84F6D7891CF5690300A53CD1 /* activityUITests.m */ = {isa = PBXFileReference; lastKnownFileType = sourcecode.c.objc; path = activityUITests.m; sourceTree = "<group>"; };
		84F6D78B1CF5690300A53CD1 /* Info.plist */ = {isa = PBXFileReference; lastKnownFileType = text.plist.xml; path = Info.plist; sourceTree = "<group>"; };
/* End PBXFileReference section */

/* Begin PBXFrameworksBuildPhase section */
		84F6D75E1CF5690300A53CD1 /* Frameworks */ = {
			isa = PBXFrameworksBuildPhase;
			buildActionMask = 2147483647;
			files = (
			);
			runOnlyForDeploymentPostprocessing = 0;
		};
		84F6D7771CF5690300A53CD1 /* Frameworks */ = {
			isa = PBXFrameworksBuildPhase;
			buildActionMask = 2147483647;
			files = (
			);
			runOnlyForDeploymentPostprocessing = 0;
		};
		84F6D7821CF5690300A53CD1 /* Frameworks */ = {
			isa = PBXFrameworksBuildPhase;
			buildActionMask = 2147483647;
			files = (
			);
			runOnlyForDeploymentPostprocessing = 0;
		};
/* End PBXFrameworksBuildPhase section */

/* Begin PBXGroup section */
		84F6D7581CF5690300A53CD1 = {
			isa = PBXGroup;
			children = (
				84F6D7631CF5690300A53CD1 /* activity */,
				84F6D77D1CF5690300A53CD1 /* activityTests */,
				84F6D7881CF5690300A53CD1 /* activityUITests */,
				84F6D7621CF5690300A53CD1 /* Products */,
			);
			sourceTree = "<group>";
		};
		84F6D7621CF5690300A53CD1 /* Products */ = {
			isa = PBXGroup;
			children = (
				84F6D7611CF5690300A53CD1 /* activity.app */,
				84F6D77A1CF5690300A53CD1 /* activityTests.xctest */,
				84F6D7851CF5690300A53CD1 /* activityUITests.xctest */,
			);
			name = Products;
			sourceTree = "<group>";
		};
		84F6D7631CF5690300A53CD1 /* activity */ = {
			isa = PBXGroup;
			children = (
				84F6D7671CF5690300A53CD1 /* AppDelegate.h */,
				84F6D7681CF5690300A53CD1 /* AppDelegate.m */,
				84F6D76A1CF5690300A53CD1 /* ViewController.h */,
				84F6D76B1CF5690300A53CD1 /* ViewController.m */,
				84F6D76D1CF5690300A53CD1 /* Main.storyboard */,
				84F6D7701CF5690300A53CD1 /* Assets.xcassets */,
				84F6D7721CF5690300A53CD1 /* LaunchScreen.storyboard */,
				84F6D7751CF5690300A53CD1 /* Info.plist */,
				84F6D7641CF5690300A53CD1 /* Supporting Files */,
			);
			path = activity;
			sourceTree = "<group>";
		};
		84F6D7641CF5690300A53CD1 /* Supporting Files */ = {
			isa = PBXGroup;
			children = (
				84F6D7651CF5690300A53CD1 /* main.m */,
			);
			name = "Supporting Files";
			sourceTree = "<group>";
		};
		84F6D77D1CF5690300A53CD1 /* activityTests */ = {
			isa = PBXGroup;
			children = (
				84F6D77E1CF5690300A53CD1 /* activityTests.m */,
				84F6D7801CF5690300A53CD1 /* Info.plist */,
			);
			path = activityTests;
			sourceTree = "<group>";
		};
		84F6D7881CF5690300A53CD1 /* activityUITests */ = {
			isa = PBXGroup;
			children = (
				84F6D7891CF5690300A53CD1 /* activityUITests.m */,
				84F6D78B1CF5690300A53CD1 /* Info.plist */,
			);
			path = activityUITests;
			sourceTree = "<group>";
		};
/* End PBXGroup section */

/* Begin PBXNativeTarget section */
		84F6D7601CF5690300A53CD1 /* activity */ = {
			isa = PBXNativeTarget;
			buildConfigurationList = 84F6D78E1CF5690300A53CD1 /* Build configuration list for PBXNativeTarget "activity" */;
			buildPhases = (
				84F6D75D1CF5690300A53CD1 /* Sources */,
				84F6D75E1CF5690300A53CD1 /* Frameworks */,
				84F6D75F1CF5690300A53CD1 /* Resources */,
			);
			buildRules = (
			);
			dependencies = (
			);
			name = activity;
			productName = activity;
			productReference = 84F6D7611CF5690300A53CD1 /* activity.app */;
			productType = "com.apple.product-type.application";
		};
		84F6D7791CF5690300A53CD1 /* activityTests */ = {
			isa = PBXNativeTarget;
			buildConfigurationList = 84F6D7911CF5690300A53CD1 /* Build configuration list for PBXNativeTarget "activityTests" */;
			buildPhases = (
				84F6D7761CF5690300A53CD1 /* Sources */,
				84F6D7771CF5690300A53CD1 /* Frameworks */,
				84F6D7781CF5690300A53CD1 /* Resources */,
			);
			buildRules = (
			);
			dependencies = (
				84F6D77C1CF5690300A53CD1 /* PBXTargetDependency */,
			);
			name = activityTests;
			productName = activityTests;
			productReference = 84F6D77A1CF5690300A53CD1 /* activityTests.xctest */;
			productType = "com.apple.product-type.bundle.unit-test";
		};
		84F6D7841CF5690300A53CD1 /* activityUITests */ = {
			isa = PBXNativeTarget;
			buildConfigurationList = 84F6D7941CF5690300A53CD1 /* Build configuration list for PBXNativeTarget "activityUITests" */;
			buildPhases = (
				84F6D7811CF5690300A53CD1 /* Sources */,
				84F6D7821CF5690300A53CD1 /* Frameworks */,
				84F6D7831CF5690300A53CD1 /* Resources */,
			);
			buildRules = (
			);
			dependencies = (
				84F6D7871CF5690300A53CD1 /* PBXTargetDependency */,
			);
			name = activityUITests;
			productName = activityUITests;
			productReference = 84F6D7851CF5690300A53CD1 /* activityUITests.xctest */;
			productType = "com.apple.product-type.bundle.ui-testing";
		};
/* End PBXNativeTarget section */

/* Begin PBXProject section */
		84F6D7591CF5690300A53CD1 /* Project object */ = {
			isa = PBXProject;
			attributes = {
				LastUpgradeCheck = 0720;
				ORGANIZATIONNAME = Tran;
				TargetAttributes = {
					84F6D7601CF5690300A53CD1 = {
						CreatedOnToolsVersion = 7.2.1;
					};
					84F6D7791CF5690300A53CD1 = {
						CreatedOnToolsVersion = 7.2.1;
						TestTargetID = 84F6D7601CF5690300A53CD1;
					};
					84F6D7841CF5690300A53CD1 = {
						CreatedOnToolsVersion = 7.2.1;
						TestTargetID = 84F6D7601CF5690300A53CD1;
					};
				};
			};
			buildConfigurationList = 84F6D75C1CF5690300A53CD1 /* Build configuration list for PBXProject "activity" */;
			compatibilityVersion = "Xcode 3.2";
			developmentRegion = English;
			hasScannedForEncodings = 0;
			knownRegions = (
				en,
				Base,
			);
			mainGroup = 84F6D7581CF5690300A53CD1;
			productRefGroup = 84F6D7621CF5690300A53CD1 /* Products */;
			projectDirPath = "";
			projectRoot = "";
			targets = (
				84F6D7601CF5690300A53CD1 /* activity */,
				84F6D7791CF5690300A53CD1 /* activityTests */,
				84F6D7841CF5690300A53CD1 /* activityUITests */,
			);
		};
/* End PBXProject section */

/* Begin PBXResourcesBuildPhase section */
		84F6D75F1CF5690300A53CD1 /* Resources */ = {
			isa = PBXResourcesBuildPhase;
			buildActionMask = 2147483647;
			files = (
				84F6D7741CF5690300A53CD1 /* LaunchScreen.storyboard in Resources */,
				84F6D7711CF5690300A53CD1 /* Assets.xcassets in Resources */,
				84F6D76F1CF5690300A53CD1 /* Main.storyboard in Resources */,
			);
			runOnlyForDeploymentPostprocessing = 0;
		};
		84F6D7781CF5690300A53CD1 /* Resources */ = {
			isa = PBXResourcesBuildPhase;
			buildActionMask = 2147483647;
			files = (
			);
			runOnlyForDeploymentPostprocessing = 0;
		};
		84F6D7831CF5690300A53CD1 /* Resources */ = {
			isa = PBXResourcesBuildPhase;
			buildActionMask = 2147483647;
			files = (
			);
			runOnlyForDeploymentPostprocessing = 0;
		};
/* End PBXResourcesBuildPhase section */

/* Begin PBXSourcesBuildPhase section */
		84F6D75D1CF5690300A53CD1 /* Sources */ = {
			isa = PBXSourcesBuildPhase;
			buildActionMask = 2147483647;
			files = (
				84F6D76C1CF5690300A53CD1 /* ViewController.m in Sources */,
				84F6D7691CF5690300A53CD1 /* AppDelegate.m in Sources */,
				84F6D7661CF5690300A53CD1 /* main.m in Sources */,
			);
			runOnlyForDeploymentPostprocessing = 0;
		};
		84F6D7761CF5690300A53CD1 /* Sources */ = {
			isa = PBXSourcesBuildPhase;
			buildActionMask = 2147483647;
			files = (
				84F6D77F1CF5690300A53CD1 /* activityTests.m in Sources */,
			);
			runOnlyForDeploymentPostprocessing = 0;
		};
		84F6D7811CF5690300A53CD1 /* Sources */ = {
			isa = PBXSourcesBuildPhase;
			buildActionMask = 2147483647;
			files = (
				84F6D78A1CF5690300A53CD1 /* activityUITests.m in Sources */,
			);
			runOnlyForDeploymentPostprocessing = 0;
		};
/* End PBXSourcesBuildPhase section */

/* Begin PBXTargetDependency section */
		84F6D77C1CF5690300A53CD1 /* PBXTargetDependency */ = {
			isa = PBXTargetDependency;
			target = 84F6D7601CF5690300A53CD1 /* activity */;
			targetProxy = 84F6D77B1CF5690300A53CD1 /* PBXContainerItemProxy */;
		};
		84F6D7871CF5690300A53CD1 /* PBXTargetDependency */ = {
			isa = PBXTargetDependency;
			target = 84F6D7601CF5690300A53CD1 /* activity */;
			targetProxy = 84F6D7861CF5690300A53CD1 /* PBXContainerItemProxy */;
		};
/* End PBXTargetDependency section */

/* Begin PBXVariantGroup section */
		84F6D76D1CF5690300A53CD1 /* Main.storyboard */ = {
			isa = PBXVariantGroup;
			children = (
				84F6D76E1CF5690300A53CD1 /* Base */,
			);
			name = Main.storyboard;
			sourceTree = "<group>";
		};
		84F6D7721CF5690300A53CD1 /* LaunchScreen.storyboard */ = {
			isa = PBXVariantGroup;
			children = (
				84F6D7731CF5690300A53CD1 /* Base */,
			);
			name = LaunchScreen.storyboard;
			sourceTree = "<group>";
		};
/* End PBXVariantGroup section */

/* Begin XCBuildConfiguration section */
		84F6D78C1CF5690300A53CD1 /* Debug */ = {
			isa = XCBuildConfiguration;
			buildSettings = {
				ALWAYS_SEARCH_USER_PATHS = NO;
				CLANG_CXX_LANGUAGE_STANDARD = "gnu++0x";
				CLANG_CXX_LIBRARY = "libc++";
				CLANG_ENABLE_MODULES = YES;
				CLANG_ENABLE_OBJC_ARC = YES;
				CLANG_WARN_BOOL_CONVERSION = YES;
				CLANG_WARN_CONSTANT_CONVERSION = YES;
				CLANG_WARN_DIRECT_OBJC_ISA_USAGE = YES_ERROR;
				CLANG_WARN_EMPTY_BODY = YES;
				CLANG_WARN_ENUM_CONVERSION = YES;
				CLANG_WARN_INT_CONVERSION = YES;
				CLANG_WARN_OBJC_ROOT_CLASS = YES_ERROR;
				CLANG_WARN_UNREACHABLE_CODE = YES;
				CLANG_WARN__DUPLICATE_METHOD_MATCH = YES;
				"CODE_SIGN_IDENTITY[sdk=iphoneos*]" = "iPhone Developer";
				COPY_PHASE_STRIP = NO;
				DEBUG_INFORMATION_FORMAT = dwarf;
				ENABLE_STRICT_OBJC_MSGSEND = YES;
				ENABLE_TESTABILITY = YES;
				GCC_C_LANGUAGE_STANDARD = gnu99;
				GCC_DYNAMIC_NO_PIC = NO;
				GCC_NO_COMMON_BLOCKS = YES;
				GCC_OPTIMIZATION_LEVEL = 0;
				GCC_PREPROCESSOR_DEFINITIONS = (
					"DEBUG=1",
					"$(inherited)",
				);
				GCC_WARN_64_TO_32_BIT_CONVERSION = YES;
				GCC_WARN_ABOUT_RETURN_TYPE = YES_ERROR;
				GCC_WARN_UNDECLARED_SELECTOR = YES;
				GCC_WARN_UNINITIALIZED_AUTOS = YES_AGGRESSIVE;
				GCC_WARN_UNUSED_FUNCTION = YES;
				GCC_WARN_UNUSED_VARIABLE = YES;
				IPHONEOS_DEPLOYMENT_TARGET = 9.2;
				MTL_ENABLE_DEBUG_INFO = YES;
				ONLY_ACTIVE_ARCH = YES;
				SDKROOT = iphoneos;
			};
			name = Debug;
		};
		84F6D78D1CF5690300A53CD1 /* Release */ = {
			isa = XCBuildConfiguration;
			buildSettings = {
				ALWAYS_SEARCH_USER_PATHS = NO;
				CLANG_CXX_LANGUAGE_STANDARD = "gnu++0x";
				CLANG_CXX_LIBRARY = "libc++";
				CLANG_ENABLE_MODULES = YES;
				CLANG_ENABLE_OBJC_ARC = YES;
				CLANG_WARN_BOOL_CONVERSION = YES;
				CLANG_WARN_CONSTANT_CONVERSION = YES;
				CLANG_WARN_DIRECT_OBJC_ISA_USAGE = YES_ERROR;
				CLANG_WARN_EMPTY_BODY = YES;
				CLANG_WARN_ENUM_CONVERSION = YES;
				CLANG_WARN_INT_CONVERSION = YES;
				CLANG_WARN_OBJC_ROOT_CLASS = YES_ERROR;
				CLANG_WARN_UNREACHABLE_CODE = YES;
				CLANG_WARN__DUPLICATE_METHOD_MATCH = YES;
				"CODE_SIGN_IDENTITY[sdk=iphoneos*]" = "iPhone Developer";
				COPY_PHASE_STRIP = NO;
				DEBUG_INFORMATION_FORMAT = "dwarf-with-dsym";
				ENABLE_NS_ASSERTIONS = NO;
				ENABLE_STRICT_OBJC_MSGSEND = YES;
				GCC_C_LANGUAGE_STANDARD = gnu99;
				GCC_NO_COMMON_BLOCKS = YES;
				GCC_WARN_64_TO_32_BIT_CONVERSION = YES;
				GCC_WARN_ABOUT_RETURN_TYPE = YES_ERROR;
				GCC_WARN_UNDECLARED_SELECTOR = YES;
				GCC_WARN_UNINITIALIZED_AUTOS = YES_AGGRESSIVE;
				GCC_WARN_UNUSED_FUNCTION = YES;
				GCC_WARN_UNUSED_VARIABLE = YES;
				IPHONEOS_DEPLOYMENT_TARGET = 9.2;
				MTL_ENABLE_DEBUG_INFO = NO;
				SDKROOT = iphoneos;
				VALIDATE_PRODUCT = YES;
			};
			name = Release;
		};
		84F6D78F1CF5690300A53CD1 /* Debug */ = {
			isa = XCBuildConfiguration;
			buildSettings = {
				ASSETCATALOG_COMPILER_APPICON_NAME = AppIcon;
				INFOPLIST_FILE = activity/Info.plist;
				LD_RUNPATH_SEARCH_PATHS = "$(inherited) @executable_path/Frameworks";
				PRODUCT_BUNDLE_IDENTIFIER = com.tran.activity;
				PRODUCT_NAME = "$(TARGET_NAME)";
			};
			name = Debug;
		};
		84F6D7901CF5690300A53CD1 /* Release */ = {
			isa = XCBuildConfiguration;
			buildSettings = {
				ASSETCATALOG_COMPILER_APPICON_NAME = AppIcon;
				INFOPLIST_FILE = activity/Info.plist;
				LD_RUNPATH_SEARCH_PATHS = "$(inherited) @executable_path/Frameworks";
				PRODUCT_BUNDLE_IDENTIFIER = com.tran.activity;
				PRODUCT_NAME = "$(TARGET_NAME)";
			};
			name = Release;
		};
		84F6D7921CF5690300A53CD1 /* Debug */ = {
			isa = XCBuildConfiguration;
			buildSettings = {
				BUNDLE_LOADER = "$(TEST_HOST)";
				INFOPLIST_FILE = activityTests/Info.plist;
				LD_RUNPATH_SEARCH_PATHS = "$(inherited) @executable_path/Frameworks @loader_path/Frameworks";
				PRODUCT_BUNDLE_IDENTIFIER = com.tran.activityTests;
				PRODUCT_NAME = "$(TARGET_NAME)";
				TEST_HOST = "$(BUILT_PRODUCTS_DIR)/activity.app/activity";
			};
			name = Debug;
		};
		84F6D7931CF5690300A53CD1 /* Release */ = {
			isa = XCBuildConfiguration;
			buildSettings = {
				BUNDLE_LOADER = "$(TEST_HOST)";
				INFOPLIST_FILE = activityTests/Info.plist;
				LD_RUNPATH_SEARCH_PATHS = "$(inherited) @executable_path/Frameworks @loader_path/Frameworks";
				PRODUCT_BUNDLE_IDENTIFIER = com.tran.activityTests;
				PRODUCT_NAME = "$(TARGET_NAME)";
				TEST_HOST = "$(BUILT_PRODUCTS_DIR)/activity.app/activity";
			};
			name = Release;
		};
		84F6D7951CF5690300A53CD1 /* Debug */ = {
			isa = XCBuildConfiguration;
			buildSettings = {
				INFOPLIST_FILE = activityUITests/Info.plist;
				LD_RUNPATH_SEARCH_PATHS = "$(inherited) @executable_path/Frameworks @loader_path/Frameworks";
				PRODUCT_BUNDLE_IDENTIFIER = com.tran.activityUITests;
				PRODUCT_NAME = "$(TARGET_NAME)";
				TEST_TARGET_NAME = activity;
				USES_XCTRUNNER = YES;
			};
			name = Debug;
		};
		84F6D7961CF5690300A53CD1 /* Release */ = {
			isa = XCBuildConfiguration;
			buildSettings = {
				INFOPLIST_FILE = activityUITests/Info.plist;
				LD_RUNPATH_SEARCH_PATHS = "$(inherited) @executable_path/Frameworks @loader_path/Frameworks";
				PRODUCT_BUNDLE_IDENTIFIER = com.tran.activityUITests;
				PRODUCT_NAME = "$(TARGET_NAME)";
				TEST_TARGET_NAME = activity;
				USES_XCTRUNNER = YES;
			};
			name = Release;
		};
/* End XCBuildConfiguration section */

/* Begin XCConfigurationList section */
		84F6D75C1CF5690300A53CD1 /* Build configuration list for PBXProject "activity" */ = {
			isa = XCConfigurationList;
			buildConfigurations = (
				84F6D78C1CF5690300A53CD1 /* Debug */,
				84F6D78D1CF5690300A53CD1 /* Release */,
			);
			defaultConfigurationIsVisible = 0;
			defaultConfigurationName = Release;
		};
		84F6D78E1CF5690300A53CD1 /* Build configuration list for PBXNativeTarget "activity" */ = {
			isa = XCConfigurationList;
			buildConfigurations = (
				84F6D78F1CF5690300A53CD1 /* Debug */,
				84F6D7901CF5690300A53CD1 /* Release */,
			);
			defaultConfigurationIsVisible = 0;
		};
		84F6D7911CF5690300A53CD1 /* Build configuration list for PBXNativeTarget "activityTests" */ = {
			isa = XCConfigurationList;
			buildConfigurations = (
				84F6D7921CF5690300A53CD1 /* Debug */,
				84F6D7931CF5690300A53CD1 /* Release */,
			);
			defaultConfigurationIsVisible = 0;
		};
		84F6D7941CF5690300A53CD1 /* Build configuration list for PBXNativeTarget "activityUITests" */ = {
			isa = XCConfigurationList;
			buildConfigurations = (
				84F6D7951CF5690300A53CD1 /* Debug */,
				84F6D7961CF5690300A53CD1 /* Release */,
			);
			defaultConfigurationIsVisible = 0;
		};
/* End XCConfigurationList section */
	};
	rootObject = 84F6D7591CF5690300A53CD1 /* Project object */;
}
